
Microsoft Visual Studio Solution File, Format Version 12.00
# Visual Studio Version 16
VisualStudioVersion = 16.0.30804.86
MinimumVisualStudioVersion = 10.0.40219.1
Project("{9A19103F-16F7-4668-BE54-9A1E7A4F7556}") = "s3743318_Xinchen_Wang_A2", "s3743318_Xinchen_Wang_A2\s3743318_Xinchen_Wang_A2.csproj", "{A9426F52-663C-4DD2-ADD7-66C8A707F8FD}"
EndProject
Project("{FAE04EC0-301F-11D3-BF4B-00C04F79EFBC}") = "AdminWebApp", "AdminWebApp\AdminWebApp.csproj", "{FCE04020-0497-46CC-A809-54B109A8BC18}"
EndProject
Project("{FAE04EC0-301F-11D3-BF4B-00C04F79EFBC}") = "AdminAPI", "AdminAPI\AdminAPI.csproj", "{3B2359EF-2878-49B8-8079-D3D3C572D5F2}"
EndProject
Global
	GlobalSection(SolutionConfigurationPlatforms) = preSolution
		Debug|Any CPU = Debug|Any CPU
		Release|Any CPU = Release|Any CPU
	EndGlobalSection
	GlobalSection(ProjectConfigurationPlatforms) = postSolution
		{A9426F52-663C-4DD2-ADD7-66C8A707F8FD}.Debug|Any CPU.ActiveCfg = Debug|Any CPU
		{A9426F52-663C-4DD2-ADD7-66C8A707F8FD}.Debug|Any CPU.Build.0 = Debug|Any CPU
		{A9426F52-663C-4DD2-ADD7-66C8A707F8FD}.Release|Any CPU.ActiveCfg = Release|Any CPU
		{A9426F52-663C-4DD2-ADD7-66C8A707F8FD}.Release|Any CPU.Build.0 = Release|Any CPU
		{FCE04020-0497-46CC-A809-54B109A8BC18}.Debug|Any CPU.ActiveCfg = Debug|Any CPU
		{FCE04020-0497-46CC-A809-54B109A8BC18}.Debug|Any CPU.Build.0 = Debug|Any CPU
		{FCE04020-0497-46CC-A809-54B109A8BC18}.Release|Any CPU.ActiveCfg = Release|Any CPU
		{FCE04020-0497-46CC-A809-54B109A8BC18}.Release|Any CPU.Build.0 = Release|Any CPU
		{3B2359EF-2878-49B8-8079-D3D3C572D5F2}.Debug|Any CPU.ActiveCfg = Debug|Any CPU
		{3B2359EF-2878-49B8-8079-D3D3C572D5F2}.Debug|Any CPU.Build.0 = Debug|Any CPU
		{3B2359EF-2878-49B8-8079-D3D3C572D5F2}.Release|Any CPU.ActiveCfg = Release|Any CPU
		{3B2359EF-2878-49B8-8079-D3D3C572D5F2}.Release|Any CPU.Build.0 = Release|Any CPU
	EndGlobalSection
	GlobalSection(SolutionProperties) = preSolution
		HideSolutionNode = FALSE
	EndGlobalSection
	GlobalSection(ExtensibilityGlobals) = postSolution
		SolutionGuid = {04668DC3-C6F0-4C1B-B405-43753814C810}
	EndGlobalSection
EndGlobal
